{
  "name": "codemirror-mode-promql",
  "version": "0.1.0",
  "lockfileVersion": 1,
  "requires": true,
  "dependencies": {
    "@types/codemirror": {
      "version": "0.0.87",
      "resolved": "https://registry.npmjs.org/@types/codemirror/-/codemirror-0.0.87.tgz",
      "integrity": "sha512-Yv+cw1zckMDK35QJBMMK/z9ZWUHRUpQ2KJI+MCbR95HhDWtSQsS66j/W9OMq3JUqYL7Jb2zHA7fc575/0v1sfA==",
      "dev": true,
      "requires": {
        "@types/tern": "*"
      }
    },
    "@types/estree": {
      "version": "0.0.42",
      "resolved": "https://registry.npmjs.org/@types/estree/-/estree-0.0.42.tgz",
      "integrity": "sha512-K1DPVvnBCPxzD+G51/cxVIoc2X8uUVl1zpJeE6iKcgHMj4+tbat5Xu4TjV7v2QSDbIeAfLi2hIk+u2+s0MlpUQ==",
      "dev": true
    },
    "@types/tern": {
      "version": "0.23.3",
      "resolved": "https://registry.npmjs.org/@types/tern/-/tern-0.23.3.tgz",
      "integrity": "sha512-imDtS4TAoTcXk0g7u4kkWqedB3E4qpjXzCpD2LU5M5NAXHzCDsypyvXSaG7mM8DKYkCRa7tFp4tS/lp/Wo7Q3w==",
      "dev": true,
      "requires": {
        "@types/estree": "*"
      }
    },
    "codemirror": {
      "version": "5.52.0",
      "resolved": "https://registry.npmjs.org/codemirror/-/codemirror-5.52.0.tgz",
      "integrity": "sha512-K2UB6zjscrfME03HeRe/IuOmCeqNpw7PLKGHThYpLbZEuKf+ZoujJPhxZN4hHJS1O7QyzEsV7JJZGxuQWVaFCg==",
      "dev": true
    },
    "typescript": {
      "version": "3.8.3",
      "resolved": "https://registry.npmjs.org/typescript/-/typescript-3.8.3.tgz",
      "integrity": "sha512-MYlEfn5VrLNsgudQTVJeNaQFUAI7DkhnOjdpAp4T+ku1TfQClewlbSuTVHiA+8skNBgaf02TL/kLOvig4y3G8w==",
      "dev": true
    }
  }
}
